
Microsoft Visual Studio Solution File, Format Version 12.00
# Visual Studio 15
VisualStudioVersion = 15.0.27428.2027
MinimumVisualStudioVersion = 10.0.40219.1
Project("{FAE04EC0-301F-11D3-BF4B-00C04F79EFBC}") = "ApartmentRent.DAL", "ApartmentRent.DAL\ApartmentRent.DAL.csproj", "{21F43EF2-C4C7-4F47-B08C-CC9FDC8098C1}"
EndProject
Project("{FAE04EC0-301F-11D3-BF4B-00C04F79EFBC}") = "ApartmentRent.IDAL", "ApartmentRent.IDAL\ApartmentRent.IDAL.csproj", "{8C4A1350-BB0E-4202-A540-2E778EC896F9}"
EndProject
Project("{FAE04EC0-301F-11D3-BF4B-00C04F79EFBC}") = "ApartmentRent.IBLL", "ApartmentRent.IBLL\ApartmentRent.IBLL.csproj", "{ACE93E55-EF47-49E6-A726-EA67152F6B29}"
EndProject
Project("{FAE04EC0-301F-11D3-BF4B-00C04F79EFBC}") = "ApartmentRent.BLL", "ApartmentRent.BLL\ApartmentRent.BLL.csproj", "{0BC1A8C1-B480-4D40-9DB7-5BCA382CDAD8}"
EndProject
Project("{FAE04EC0-301F-11D3-BF4B-00C04F79EFBC}") = "ApartmentRent.Model", "ApartmentRent.Model\ApartmentRent.Model.csproj", "{7609D51F-DD2C-4EAB-84DB-86DC60C94040}"
EndProject
Project("{FAE04EC0-301F-11D3-BF4B-00C04F79EFBC}") = "ApartmentRent.DALFactory", "ApartmentRent.DALFactory\ApartmentRent.DALFactory.csproj", "{EE4D050B-1E2E-434C-86A2-CC9FF43F3360}"
EndProject
Project("{FAE04EC0-301F-11D3-BF4B-00C04F79EFBC}") = "ApartmentRent.Common", "ApartmentRent.Common\ApartmentRent.Common.csproj", "{0ADF5A26-2040-460B-8FA2-1A38A1394BF9}"
EndProject
Project("{FAE04EC0-301F-11D3-BF4B-00C04F79EFBC}") = "ApartmentRent.Core", "ApartmentRent.Core\ApartmentRent.Core.csproj", "{52C44826-28DC-42CC-B30D-DAF46C2C2D4D}"
EndProject
Project("{FAE04EC0-301F-11D3-BF4B-00C04F79EFBC}") = "ApartmentRent.QuartzNet", "ApartmentRent.QuartzNet\ApartmentRent.QuartzNet.csproj", "{067B5ADA-54DA-422E-A3CF-DE45BEE6D5B9}"
EndProject
Project("{FAE04EC0-301F-11D3-BF4B-00C04F79EFBC}") = "ApartmentRent.WebApp", "ApartmentRent.WebApp\ApartmentRent.WebApp.csproj", "{60C7065C-8274-4B50-91ED-A6168E355579}"
EndProject
Project("{FAE04EC0-301F-11D3-BF4B-00C04F79EFBC}") = "ApartmentRent.WebApp.Tests", "ApartmentRent.WebApp.Tests\ApartmentRent.WebApp.Tests.csproj", "{A293CA83-3F28-45B5-AFFD-E59776FBCB0F}"
EndProject
Global
	GlobalSection(SolutionConfigurationPlatforms) = preSolution
		Debug|Any CPU = Debug|Any CPU
		Release|Any CPU = Release|Any CPU
	EndGlobalSection
	GlobalSection(ProjectConfigurationPlatforms) = postSolution
		{21F43EF2-C4C7-4F47-B08C-CC9FDC8098C1}.Debug|Any CPU.ActiveCfg = Debug|Any CPU
		{21F43EF2-C4C7-4F47-B08C-CC9FDC8098C1}.Debug|Any CPU.Build.0 = Debug|Any CPU
		{21F43EF2-C4C7-4F47-B08C-CC9FDC8098C1}.Release|Any CPU.ActiveCfg = Release|Any CPU
		{21F43EF2-C4C7-4F47-B08C-CC9FDC8098C1}.Release|Any CPU.Build.0 = Release|Any CPU
		{8C4A1350-BB0E-4202-A540-2E778EC896F9}.Debug|Any CPU.ActiveCfg = Debug|Any CPU
		{8C4A1350-BB0E-4202-A540-2E778EC896F9}.Debug|Any CPU.Build.0 = Debug|Any CPU
		{8C4A1350-BB0E-4202-A540-2E778EC896F9}.Release|Any CPU.ActiveCfg = Release|Any CPU
		{8C4A1350-BB0E-4202-A540-2E778EC896F9}.Release|Any CPU.Build.0 = Release|Any CPU
		{ACE93E55-EF47-49E6-A726-EA67152F6B29}.Debug|Any CPU.ActiveCfg = Debug|Any CPU
		{ACE93E55-EF47-49E6-A726-EA67152F6B29}.Debug|Any CPU.Build.0 = Debug|Any CPU
		{ACE93E55-EF47-49E6-A726-EA67152F6B29}.Release|Any CPU.ActiveCfg = Release|Any CPU
		{ACE93E55-EF47-49E6-A726-EA67152F6B29}.Release|Any CPU.Build.0 = Release|Any CPU
		{0BC1A8C1-B480-4D40-9DB7-5BCA382CDAD8}.Debug|Any CPU.ActiveCfg = Debug|Any CPU
		{0BC1A8C1-B480-4D40-9DB7-5BCA382CDAD8}.Debug|Any CPU.Build.0 = Debug|Any CPU
		{0BC1A8C1-B480-4D40-9DB7-5BCA382CDAD8}.Release|Any CPU.ActiveCfg = Release|Any CPU
		{0BC1A8C1-B480-4D40-9DB7-5BCA382CDAD8}.Release|Any CPU.Build.0 = Release|Any CPU
		{7609D51F-DD2C-4EAB-84DB-86DC60C94040}.Debug|Any CPU.ActiveCfg = Debug|Any CPU
		{7609D51F-DD2C-4EAB-84DB-86DC60C94040}.Debug|Any CPU.Build.0 = Debug|Any CPU
		{7609D51F-DD2C-4EAB-84DB-86DC60C94040}.Release|Any CPU.ActiveCfg = Release|Any CPU
		{7609D51F-DD2C-4EAB-84DB-86DC60C94040}.Release|Any CPU.Build.0 = Release|Any CPU
		{EE4D050B-1E2E-434C-86A2-CC9FF43F3360}.Debug|Any CPU.ActiveCfg = Debug|Any CPU
		{EE4D050B-1E2E-434C-86A2-CC9FF43F3360}.Debug|Any CPU.Build.0 = Debug|Any CPU
		{EE4D050B-1E2E-434C-86A2-CC9FF43F3360}.Release|Any CPU.ActiveCfg = Release|Any CPU
		{EE4D050B-1E2E-434C-86A2-CC9FF43F3360}.Release|Any CPU.Build.0 = Release|Any CPU
		{0ADF5A26-2040-460B-8FA2-1A38A1394BF9}.Debug|Any CPU.ActiveCfg = Debug|Any CPU
		{0ADF5A26-2040-460B-8FA2-1A38A1394BF9}.Debug|Any CPU.Build.0 = Debug|Any CPU
		{0ADF5A26-2040-460B-8FA2-1A38A1394BF9}.Release|Any CPU.ActiveCfg = Release|Any CPU
		{0ADF5A26-2040-460B-8FA2-1A38A1394BF9}.Release|Any CPU.Build.0 = Release|Any CPU
		{52C44826-28DC-42CC-B30D-DAF46C2C2D4D}.Debug|Any CPU.ActiveCfg = Debug|Any CPU
		{52C44826-28DC-42CC-B30D-DAF46C2C2D4D}.Debug|Any CPU.Build.0 = Debug|Any CPU
		{52C44826-28DC-42CC-B30D-DAF46C2C2D4D}.Release|Any CPU.ActiveCfg = Release|Any CPU
		{52C44826-28DC-42CC-B30D-DAF46C2C2D4D}.Release|Any CPU.Build.0 = Release|Any CPU
		{067B5ADA-54DA-422E-A3CF-DE45BEE6D5B9}.Debug|Any CPU.ActiveCfg = Debug|Any CPU
		{067B5ADA-54DA-422E-A3CF-DE45BEE6D5B9}.Debug|Any CPU.Build.0 = Debug|Any CPU
		{067B5ADA-54DA-422E-A3CF-DE45BEE6D5B9}.Release|Any CPU.ActiveCfg = Release|Any CPU
		{067B5ADA-54DA-422E-A3CF-DE45BEE6D5B9}.Release|Any CPU.Build.0 = Release|Any CPU
		{60C7065C-8274-4B50-91ED-A6168E355579}.Debug|Any CPU.ActiveCfg = Debug|Any CPU
		{60C7065C-8274-4B50-91ED-A6168E355579}.Debug|Any CPU.Build.0 = Debug|Any CPU
		{60C7065C-8274-4B50-91ED-A6168E355579}.Release|Any CPU.ActiveCfg = Release|Any CPU
		{60C7065C-8274-4B50-91ED-A6168E355579}.Release|Any CPU.Build.0 = Release|Any CPU
		{A293CA83-3F28-45B5-AFFD-E59776FBCB0F}.Debug|Any CPU.ActiveCfg = Debug|Any CPU
		{A293CA83-3F28-45B5-AFFD-E59776FBCB0F}.Debug|Any CPU.Build.0 = Debug|Any CPU
		{A293CA83-3F28-45B5-AFFD-E59776FBCB0F}.Release|Any CPU.ActiveCfg = Release|Any CPU
		{A293CA83-3F28-45B5-AFFD-E59776FBCB0F}.Release|Any CPU.Build.0 = Release|Any CPU
	EndGlobalSection
	GlobalSection(SolutionProperties) = preSolution
		HideSolutionNode = FALSE
	EndGlobalSection
	GlobalSection(ExtensibilityGlobals) = postSolution
		SolutionGuid = {7EE303BE-AB40-44DE-919A-AD18F3699514}
	EndGlobalSection
EndGlobal
